version = 1
revision = 3
requires-python = "==3.12.*"
resolution-markers = [
    "sys_platform == 'win32'",
    "sys_platform == 'emscripten'",
    "sys_platform != 'emscripten' and sys_platform != 'win32'",
]

[[package]]
name = "annotated-types"
version = "0.7.0"
source = { registry = "https://pypi.org/simple" }
sdist = { url = "https://files.pythonhosted.org/packages/ee/67/531ea369ba64dcff5ec9c3402f9f51bf748cec26dde048a2f973a4eea7f5/annotated_types-0.7.0.tar.gz", hash = "sha256:aff07c09a53a08bc8cfccb9c85b05f1aa9a2a6f23728d790723543408344ce89", size = 16081, upload-time = "2024-05-20T21:33:25.928Z" }
wheels = [
    { url = "https://files.pythonhosted.org/packages/78/b6/6307fbef88d9b5ee7421e68d78a9f162e0da4900bc5f5793f6d3d0e34fb8/annotated_types-0.7.0-py3-none-any.whl", hash = "sha256:1f02e8b43a8fbbc3f3e0d4f0f4bfc8131bcb4eebe8849b8e5c773f3a1c582a53", size = 13643, upload-time = "2024-05-20T21:33:24.1Z" },
]

[[package]]
name = "colorama"
version = "0.4.6"
source = { registry = "https://pypi.org/simple" }
sdist = { url = "https://files.pythonhosted.org/packages/d8/53/6f443c9a4a8358a93a6792e2acffb9d9d5cb0a5cfd8802644b7b1c9a02e4/colorama-0.4.6.tar.gz", hash = "sha256:08695f5cb7ed6e0531a20572697297273c47b8cae5a63ffc6d6ed5c201be6e44", size = 27697, upload-time = "2022-10-25T02:36:22.414Z" }
wheels = [
    { url = "https://files.pythonhosted.org/packages/d1/d6/3965ed04c63042e047cb6a3e6ed1a63a35087b6a609aa3a15ed8ac56c221/colorama-0.4.6-py2.py3-none-any.whl", hash = "sha256:4f1d9991f5acc0ca119f9d443620b77f9d6b33703e51011c16baf57afb285fc6", size = 25335, upload-time = "2022-10-25T02:36:20.889Z" },
]

[[package]]
name = "exchange-calendars"
version = "4.13.2"
source = { registry = "https://pypi.org/simple" }
dependencies = [
    { name = "korean-lunar-calendar" },
    { name = "numpy" },
    { name = "pandas" },
    { name = "pyluach" },
    { name = "toolz" },
    { name = "tzdata" },
]
sdist = { url = "https://files.pythonhosted.org/packages/47/73/460b0ece4e7444e3098b7738974c822787e134578d069d3a88b4be17d50a/exchange_calendars-4.13.2.tar.gz", hash = "sha256:a9459425dd64142cd54fbc639847403c7e0c33d60fbc326c94fc1d6bd127f002", size = 4137321, upload-time = "2026-03-10T03:24:38.536Z" }
wheels = [
    { url = "https://files.pythonhosted.org/packages/c8/4c/0469b40057bc9f8d9594dcc6024202626b981ae4b52dfcd304552e8e1c3a/exchange_calendars-4.13.2-py3-none-any.whl", hash = "sha256:fc5a2ad0d61b5c3a6539a3061cd4cbb55c59f4a903455cec7926e4b798919996", size = 213306, upload-time = "2026-03-10T03:24:37.055Z" },
]

[[package]]
name = "grpcio"
version = "1.71.2"
source = { registry = "https://pypi.org/simple" }
sdist = { url = "https://files.pythonhosted.org/packages/5b/c5/8ad16eb7062f3d43b1b4e48f725b5ca7bbe5f0fc7ae585fff0568401bc3a/grpcio-1.71.2.tar.gz", hash = "sha256:cc7d02b21b2ec0d2479c2d98a2b9255ee8b32970ede37e42b5b6536a0fb4c47f", size = 12531104, upload-time = "2025-06-28T04:19:49.921Z" }
wheels = [
    { url = "https://files.pythonhosted.org/packages/29/a2/a01b6cfc0b36ff785571a42f3dcc7c80559998fcadd16b5c101a0cdaf0d2/grpcio-1.71.2-cp312-cp312-linux_armv7l.whl", hash = "sha256:d1b0ef55b8abef436b89fa789375365b7101732bfb688fc3904f0c8ac6d7803e", size = 5184044, upload-time = "2025-06-28T04:18:58.119Z" },
    { url = "https://files.pythonhosted.org/packages/e9/16/acebf64a0711bddd403536e3254f9686602c697624cb7ae376faa534f004/grpcio-1.71.2-cp312-cp312-macosx_14_0_arm64.whl", hash = "sha256:0c0ac4e77a38e5ed8026b25870cdc0f7a71aa9354a2353cc90a22a396a150b3c", size = 10309517, upload-time = "2025-06-28T04:18:59.667Z" },
    { url = "https://files.pythonhosted.org/packages/82/ef/832eb985e61469c38a6e81ddc7c7a87242db914ec71b9c581836a5c801d3/grpcio-1.71.2-cp312-cp312-manylinux_2_17_aarch64.whl", hash = "sha256:deb89f8dba8f2fcaec40784d3718dbb4c44f48befbf7d4da6d1b00378e20455b", size = 5587993, upload-time = "2025-06-28T04:19:01.544Z" },
    { url = "https://files.pythonhosted.org/packages/be/18/7959414c59f78b45af3c7b83ca960208b886e5eceec1aed46e1881f9d637/grpcio-1.71.2-cp312-cp312-manylinux_2_17_i686.manylinux2014_i686.whl", hash = "sha256:f5cc3bae2de2289e476c8f1ed5f2c5cd74741a66d92f65016dc19f533acee374", size = 6236013, upload-time = "2025-06-28T04:19:03.518Z" },
    { url = "https://files.pythonhosted.org/packages/90/2d/8745729de179505f68d9fbaae3aa952f588f342faecd50eacc4704d935f1/grpcio-1.71.2-cp312-cp312-manylinux_2_17_x86_64.manylinux2014_x86_64.whl", hash = "sha256:bf224bf8a8d85914f171c4dd028a86325f063e1661f3bef9960f4f73dc8b71d3", size = 5839034, upload-time = "2025-06-28T04:19:04.982Z" },
    { url = "https://files.pythonhosted.org/packages/a8/f5/6ac8e39c398e5e1e0003ba50fc3f6f020d72c2f5372b54f858315dd1297b/grpcio-1.71.2-cp312-cp312-musllinux_1_1_aarch64.whl", hash = "sha256:e06d9e3f9cc7b7860b4d37fb0cb5e7e00071977a73a5b87a4c7da65695c4030f", size = 5935118, upload-time = "2025-06-28T04:19:06.789Z" },
    { url = "https://files.pythonhosted.org/packages/bc/cf/8f5e637cb714fe8c306b12933a4b40e9eb13aaf96bfb886662db3b56ac1b/grpcio-1.71.2-cp312-cp312-musllinux_1_1_i686.whl", hash = "sha256:6ba968281b761c52560af106504a02ff26085ad10e17e8976c047b388df40eae", size = 6560019, upload-time = "2025-06-28T04:19:08.363Z" },
    { url = "https://files.pythonhosted.org/packages/be/6b/a6ae0c16795bc56c3d469e41dacf26d88cbe12b406094af26d3f79ff5201/grpcio-1.71.2-cp312-cp312-musllinux_1_1_x86_64.whl", hash = "sha256:6a169f0f369b28e81d8bde6a1d4283c24d3bde80690ef05b634caaf45577d749", size = 6109409, upload-time = "2025-06-28T04:19:10.061Z" },
    { url = "https://files.pythonhosted.org/packages/87/7e/bdb355b112f0fac5bc61b4918f947ad5d4891e39447e25d221739ab76903/grpcio-1.71.2-cp312-cp312-win32.whl", hash = "sha256:df9ffd8463a2d16b6d1fef7b03035c588fdf0f0a627031e4860cea61f49808ee", size = 3539949, upload-time = "2025-06-28T04:19:11.567Z" },
    { url = "https://files.pythonhosted.org/packages/c3/12/3f503a66fa568b10b43118a0013a1cd2680117192fc0c74342f87a7c29a8/grpcio-1.71.2-cp312-cp312-win_amd64.whl", hash = "sha256:c371287913278170e09ae280d923db0baf3da6989d088dce48e88648c9933c8e", size = 4211254, upload-time = "2025-06-28T04:19:13.077Z" },
]

[[package]]
name = "grpcio-tools"
version = "1.71.2"
source = { registry = "https://pypi.org/simple" }
dependencies = [
    { name = "grpcio" },
    { name = "protobuf" },
    { name = "setuptools" },
]
sdist = { url = "https://files.pythonhosted.org/packages/ad/9a/edfefb47f11ef6b0f39eea4d8f022c5bb05ac1d14fcc7058e84a51305b73/grpcio_tools-1.71.2.tar.gz", hash = "sha256:b5304d65c7569b21270b568e404a5a843cf027c66552a6a0978b23f137679c09", size = 5330655, upload-time = "2025-06-28T04:22:00.308Z" }
wheels = [
    { url = "https://files.pythonhosted.org/packages/9c/d3/3ed30a9c5b2424627b4b8411e2cd6a1a3f997d3812dbc6a8630a78bcfe26/grpcio_tools-1.71.2-cp312-cp312-linux_armv7l.whl", hash = "sha256:bfc0b5d289e383bc7d317f0e64c9dfb59dc4bef078ecd23afa1a816358fb1473", size = 2385479, upload-time = "2025-06-28T04:21:10.413Z" },
    { url = "https://files.pythonhosted.org/packages/54/61/e0b7295456c7e21ef777eae60403c06835160c8d0e1e58ebfc7d024c51d3/grpcio_tools-1.71.2-cp312-cp312-macosx_14_0_arm64.whl", hash = "sha256:b4669827716355fa913b1376b1b985855d5cfdb63443f8d18faf210180199006", size = 5431521, upload-time = "2025-06-28T04:21:12.261Z" },
    { url = "https://files.pythonhosted.org/packages/75/d7/7bcad6bcc5f5b7fab53e6bce5db87041f38ef3e740b1ec2d8c49534fa286/grpcio_tools-1.71.2-cp312-cp312-manylinux_2_17_aarch64.whl", hash = "sha256:d4071f9b44564e3f75cdf0f05b10b3e8c7ea0ca5220acbf4dc50b148552eef2f", size = 2350289, upload-time = "2025-06-28T04:21:13.625Z" },
    { url = "https://files.pythonhosted.org/packages/b2/8a/e4c1c4cb8c9ff7f50b7b2bba94abe8d1e98ea05f52a5db476e7f1c1a3c70/grpcio_tools-1.71.2-cp312-cp312-manylinux_2_17_i686.manylinux2014_i686.whl", hash = "sha256:a28eda8137d587eb30081384c256f5e5de7feda34776f89848b846da64e4be35", size = 2743321, upload-time = "2025-06-28T04:21:15.007Z" },
    { url = "https://files.pythonhosted.org/packages/fd/aa/95bc77fda5c2d56fb4a318c1b22bdba8914d5d84602525c99047114de531/grpcio_tools-1.71.2-cp312-cp312-manylinux_2_17_x86_64.manylinux2014_x86_64.whl", hash = "sha256:b19c083198f5eb15cc69c0a2f2c415540cbc636bfe76cea268e5894f34023b40", size = 2474005, upload-time = "2025-06-28T04:21:16.443Z" },
    { url = "https://files.pythonhosted.org/packages/c9/ff/ca11f930fe1daa799ee0ce1ac9630d58a3a3deed3dd2f465edb9a32f299d/grpcio_tools-1.71.2-cp312-cp312-musllinux_1_1_aarch64.whl", hash = "sha256:784c284acda0d925052be19053d35afbf78300f4d025836d424cf632404f676a", size = 2851559, upload-time = "2025-06-28T04:21:18.139Z" },
    { url = "https://files.pythonhosted.org/packages/64/10/c6fc97914c7e19c9bb061722e55052fa3f575165da9f6510e2038d6e8643/grpcio_tools-1.71.2-cp312-cp312-musllinux_1_1_i686.whl", hash = "sha256:381e684d29a5d052194e095546eef067201f5af30fd99b07b5d94766f44bf1ae", size = 3300622, upload-time = "2025-06-28T04:21:20.291Z" },
    { url = "https://files.pythonhosted.org/packages/e5/d6/965f36cfc367c276799b730d5dd1311b90a54a33726e561393b808339b04/grpcio_tools-1.71.2-cp312-cp312-musllinux_1_1_x86_64.whl", hash = "sha256:3e4b4801fabd0427fc61d50d09588a01b1cfab0ec5e8a5f5d515fbdd0891fd11", size = 2913863, upload-time = "2025-06-28T04:21:22.196Z" },
    { url = "https://files.pythonhosted.org/packages/8d/f0/c05d5c3d0c1d79ac87df964e9d36f1e3a77b60d948af65bec35d3e5c75a3/grpcio_tools-1.71.2-cp312-cp312-win32.whl", hash = "sha256:84ad86332c44572305138eafa4cc30040c9a5e81826993eae8227863b700b490", size = 945744, upload-time = "2025-06-28T04:21:23.463Z" },
    { url = "https://files.pythonhosted.org/packages/e2/e9/c84c1078f0b7af7d8a40f5214a9bdd8d2a567ad6c09975e6e2613a08d29d/grpcio_tools-1.71.2-cp312-cp312-win_amd64.whl", hash = "sha256:8e1108d37eecc73b1c4a27350a6ed921b5dda25091700c1da17cfe30761cd462", size = 1117695, upload-time = "2025-06-28T04:21:25.22Z" },
]

[[package]]
name = "ibapi"
version = "10.30.1"
source = { editable = "ibga" }
dependencies = [
    { name = "protobuf" },
]

[package.metadata]
requires-dist = [{ name = "protobuf", specifier = "==5.29.3" }]

[[package]]
name = "iniconfig"
version = "2.3.0"
source = { registry = "https://pypi.org/simple" }
sdist = { url = "https://files.pythonhosted.org/packages/72/34/14ca021ce8e5dfedc35312d08ba8bf51fdd999c576889fc2c24cb97f4f10/iniconfig-2.3.0.tar.gz", hash = "sha256:c76315c77db068650d49c5b56314774a7804df16fee4402c1f19d6d15d8c4730", size = 20503, upload-time = "2025-10-18T21:55:43.219Z" }
wheels = [
    { url = "https://files.pythonhosted.org/packages/cb/b1/3846dd7f199d53cb17f49cba7e651e9ce294d8497c8c150530ed11865bb8/iniconfig-2.3.0-py3-none-any.whl", hash = "sha256:f631c04d2c48c52b84d0d0549c99ff3859c98df65b3101406327ecc7d53fbf12", size = 7484, upload-time = "2025-10-18T21:55:41.639Z" },
]

[[package]]
name = "korean-lunar-calendar"
version = "0.3.1"
source = { registry = "https://pypi.org/simple" }
sdist = { url = "https://files.pythonhosted.org/packages/5a/93/a0bd2bd53ab19330e83ecc5652b7774ae86fd2fee19bc05ad220cf9db08b/korean_lunar_calendar-0.3.1.tar.gz", hash = "sha256:eb2c485124a061016926bdea6d89efdf9b9fdbf16db55895b6cf1e5bec17b857", size = 9877, upload-time = "2022-09-16T10:53:25.713Z" }
wheels = [
    { url = "https://files.pythonhosted.org/packages/9c/96/30f3fe51b336bb6da4714f4fdad7bbdce8f13af79af2eb75e22908f3f9f4/korean_lunar_calendar-0.3.1-py3-none-any.whl", hash = "sha256:392757135c492c4f42a604e6038042953c35c6f449dda5f27e3f86a7f9c943e5", size = 9033, upload-time = "2022-09-16T10:53:23.771Z" },
]

[[package]]
name = "linkify-it-py"
version = "2.1.0"
source = { registry = "https://pypi.org/simple" }
dependencies = [
    { name = "uc-micro-py" },
]
sdist = { url = "https://files.pythonhosted.org/packages/2e/c9/06ea13676ef354f0af6169587ae292d3e2406e212876a413bf9eece4eb23/linkify_it_py-2.1.0.tar.gz", hash = "sha256:43360231720999c10e9328dc3691160e27a718e280673d444c38d7d3aaa3b98b", size = 29158, upload-time = "2026-03-01T07:48:47.683Z" }
wheels = [
    { url = "https://files.pythonhosted.org/packages/b4/de/88b3be5c31b22333b3ca2f6ff1de4e863d8fe45aaea7485f591970ec1d3e/linkify_it_py-2.1.0-py3-none-any.whl", hash = "sha256:0d252c1594ecba2ecedc444053db5d3a9b7ec1b0dd929c8f1d74dce89f86c05e", size = 19878, upload-time = "2026-03-01T07:48:46.098Z" },
]

[[package]]
name = "markdown-it-py"
version = "4.0.0"
source = { registry = "https://pypi.org/simple" }
dependencies = [
    { name = "mdurl" },
]
sdist = { url = "https://files.pythonhosted.org/packages/5b/f5/4ec618ed16cc4f8fb3b701563655a69816155e79e24a17b651541804721d/markdown_it_py-4.0.0.tar.gz", hash = "sha256:cb0a2b4aa34f932c007117b194e945bd74e0ec24133ceb5bac59009cda1cb9f3", size = 73070, upload-time = "2025-08-11T12:57:52.854Z" }
wheels = [
    { url = "https://files.pythonhosted.org/packages/94/54/e7d793b573f298e1c9013b8c4dade17d481164aa517d1d7148619c2cedbf/markdown_it_py-4.0.0-py3-none-any.whl", hash = "sha256:87327c59b172c5011896038353a81343b6754500a08cd7a4973bb48c6d578147", size = 87321, upload-time = "2025-08-11T12:57:51.923Z" },
]

[package.optional-dependencies]
linkify = [
    { name = "linkify-it-py" },
]

[[package]]
name = "mdit-py-plugins"
version = "0.5.0"
source = { registry = "https://pypi.org/simple" }
dependencies = [
    { name = "markdown-it-py" },
]
sdist = { url = "https://files.pythonhosted.org/packages/b2/fd/a756d36c0bfba5f6e39a1cdbdbfdd448dc02692467d83816dff4592a1ebc/mdit_py_plugins-0.5.0.tar.gz", hash = "sha256:f4918cb50119f50446560513a8e311d574ff6aaed72606ddae6d35716fe809c6", size = 44655, upload-time = "2025-08-11T07:25:49.083Z" }
wheels = [
    { url = "https://files.pythonhosted.org/packages/fb/86/dd6e5db36df29e76c7a7699123569a4a18c1623ce68d826ed96c62643cae/mdit_py_plugins-0.5.0-py3-none-any.whl", hash = "sha256:07a08422fc1936a5d26d146759e9155ea466e842f5ab2f7d2266dd084c8dab1f", size = 57205, upload-time = "2025-08-11T07:25:47.597Z" },
]

[[package]]
name = "mdurl"
version = "0.1.2"
source = { registry = "https://pypi.org/simple" }
sdist = { url = "https://files.pythonhosted.org/packages/d6/54/cfe61301667036ec958cb99bd3efefba235e65cdeb9c84d24a8293ba1d90/mdurl-0.1.2.tar.gz", hash = "sha256:bb413d29f5eea38f31dd4754dd7377d4465116fb207585f97bf925588687c1ba", size = 8729, upload-time = "2022-08-14T12:40:10.846Z" }
wheels = [
    { url = "https://files.pythonhosted.org/packages/b3/38/89ba8ad64ae25be8de66a6d463314cf1eb366222074cfda9ee839c56a4b4/mdurl-0.1.2-py3-none-any.whl", hash = "sha256:84008a41e51615a49fc9966191ff91509e3c40b939176e643fd50a5c2196b8f8", size = 9979, upload-time = "2022-08-14T12:40:09.779Z" },
]

[[package]]
name = "numpy"
version = "2.4.3"
source = { registry = "https://pypi.org/simple" }
sdist = { url = "https://files.pythonhosted.org/packages/10/8b/c265f4823726ab832de836cdd184d0986dcf94480f81e8739692a7ac7af2/numpy-2.4.3.tar.gz", hash = "sha256:483a201202b73495f00dbc83796c6ae63137a9bdade074f7648b3e32613412dd", size = 20727743, upload-time = "2026-03-09T07:58:53.426Z" }
wheels = [
    { url = "https://files.pythonhosted.org/packages/a9/ed/6388632536f9788cea23a3a1b629f25b43eaacd7d7377e5d6bc7b9deb69b/numpy-2.4.3-cp312-cp312-macosx_10_13_x86_64.whl", hash = "sha256:61b0cbabbb6126c8df63b9a3a0c4b1f44ebca5e12ff6997b80fcf267fb3150ef", size = 16669628, upload-time = "2026-03-09T07:56:24.252Z" },
    { url = "https://files.pythonhosted.org/packages/74/1b/ee2abfc68e1ce728b2958b6ba831d65c62e1b13ce3017c13943f8f9b5b2e/numpy-2.4.3-cp312-cp312-macosx_11_0_arm64.whl", hash = "sha256:7395e69ff32526710748f92cd8c9849b361830968ea3e24a676f272653e8983e", size = 14696872, upload-time = "2026-03-09T07:56:26.991Z" },
    { url = "https://files.pythonhosted.org/packages/ba/d1/780400e915ff5638166f11ca9dc2c5815189f3d7cf6f8759a1685e586413/numpy-2.4.3-cp312-cp312-macosx_14_0_arm64.whl", hash = "sha256:abdce0f71dcb4a00e4e77f3faf05e4616ceccfe72ccaa07f47ee79cda3b7b0f4", size = 5203489, upload-time = "2026-03-09T07:56:29.414Z" },
    { url = "https://files.pythonhosted.org/packages/0b/bb/baffa907e9da4cc34a6e556d6d90e032f6d7a75ea47968ea92b4858826c4/numpy-2.4.3-cp312-cp312-macosx_14_0_x86_64.whl", hash = "sha256:48da3a4ee1336454b07497ff7ec83903efa5505792c4e6d9bf83d99dc07a1e18", size = 6550814, upload-time = "2026-03-09T07:56:32.225Z" },
    { url = "https://files.pythonhosted.org/packages/7b/12/8c9f0c6c95f76aeb20fc4a699c33e9f827fa0d0f857747c73bb7b17af945/numpy-2.4.3-cp312-cp312-manylinux_2_27_aarch64.manylinux_2_28_aarch64.whl", hash = "sha256:32e3bef222ad6b052280311d1d60db8e259e4947052c3ae7dd6817451fc8a4c5", size = 15666601, upload-time = "2026-03-09T07:56:34.461Z" },
    { url = "https://files.pythonhosted.org/packages/bd/79/cc665495e4d57d0aa6fbcc0aa57aa82671dfc78fbf95fe733ed86d98f52a/numpy-2.4.3-cp312-cp312-manylinux_2_27_x86_64.manylinux_2_28_x86_64.whl", hash = "sha256:e7dd01a46700b1967487141a66ac1a3cf0dd8ebf1f08db37d46389401512ca97", size = 16621358, upload-time = "2026-03-09T07:56:36.852Z" },
    { url = "https://files.pythonhosted.org/packages/a8/40/b4ecb7224af1065c3539f5ecfff879d090de09608ad1008f02c05c770cb3/numpy-2.4.3-cp312-cp312-musllinux_1_2_aarch64.whl", hash = "sha256:76f0f283506c28b12bba319c0fab98217e9f9b54e6160e9c79e9f7348ba32e9c", size = 17016135, upload-time = "2026-03-09T07:56:39.337Z" },
    { url = "https://files.pythonhosted.org/packages/f7/b1/6a88e888052eed951afed7a142dcdf3b149a030ca59b4c71eef085858e43/numpy-2.4.3-cp312-cp312-musllinux_1_2_x86_64.whl", hash = "sha256:737f630a337364665aba3b5a77e56a68cc42d350edd010c345d65a3efa3addcc", size = 18345816, upload-time = "2026-03-09T07:56:42.31Z" },
    { url = "https://files.pythonhosted.org/packages/f3/8f/103a60c5f8c3d7fc678c19cd7b2476110da689ccb80bc18050efbaeae183/numpy-2.4.3-cp312-cp312-win32.whl", hash = "sha256:26952e18d82a1dbbc2f008d402021baa8d6fc8e84347a2072a25e08b46d698b9", size = 5960132, upload-time = "2026-03-09T07:56:44.851Z" },
    { url = "https://files.pythonhosted.org/packages/d7/7c/f5ee1bf6ed888494978046a809df2882aad35d414b622893322df7286879/numpy-2.4.3-cp312-cp312-win_amd64.whl", hash = "sha256:65f3c2455188f09678355f5cae1f959a06b778bc66d535da07bf2ef20cd319d5", size = 12316144, upload-time = "2026-03-09T07:56:47.057Z" },
    { url = "https://files.pythonhosted.org/packages/71/46/8d1cb3f7a00f2fb6394140e7e6623696e54c6318a9d9691bb4904672cf42/numpy-2.4.3-cp312-cp312-win_arm64.whl", hash = "sha256:2abad5c7fef172b3377502bde47892439bae394a71bc329f31df0fd829b41a9e", size = 10220364, upload-time = "2026-03-09T07:56:49.849Z" },
]

[[package]]
name = "packaging"
version = "26.0"
source = { registry = "https://pypi.org/simple" }
sdist = { url = "https://files.pythonhosted.org/packages/65/ee/299d360cdc32edc7d2cf530f3accf79c4fca01e96ffc950d8a52213bd8e4/packaging-26.0.tar.gz", hash = "sha256:00243ae351a257117b6a241061796684b084ed1c516a08c48a3f7e147a9d80b4", size = 143416, upload-time = "2026-01-21T20:50:39.064Z" }
wheels = [
    { url = "https://files.pythonhosted.org/packages/b7/b9/c538f279a4e237a006a2c98387d081e9eb060d203d8ed34467cc0f0b9b53/packaging-26.0-py3-none-any.whl", hash = "sha256:b36f1fef9334a5588b4166f8bcd26a14e521f2b55e6b9de3aaa80d3ff7a37529", size = 74366, upload-time = "2026-01-21T20:50:37.788Z" },
]

[[package]]
name = "pandas"
version = "3.0.1"
source = { registry = "https://pypi.org/simple" }
dependencies = [
    { name = "numpy" },
    { name = "python-dateutil" },
    { name = "tzdata", marker = "sys_platform == 'emscripten' or sys_platform == 'win32'" },
]
sdist = { url = "https://files.pythonhosted.org/packages/2e/0c/b28ed414f080ee0ad153f848586d61d1878f91689950f037f976ce15f6c8/pandas-3.0.1.tar.gz", hash = "sha256:4186a699674af418f655dbd420ed87f50d56b4cd6603784279d9eef6627823c8", size = 4641901, upload-time = "2026-02-17T22:20:16.434Z" }
wheels = [
    { url = "https://files.pythonhosted.org/packages/37/51/b467209c08dae2c624873d7491ea47d2b47336e5403309d433ea79c38571/pandas-3.0.1-cp312-cp312-macosx_10_13_x86_64.whl", hash = "sha256:476f84f8c20c9f5bc47252b66b4bb25e1a9fc2fa98cead96744d8116cb85771d", size = 10344357, upload-time = "2026-02-17T22:18:38.262Z" },
    { url = "https://files.pythonhosted.org/packages/7c/f1/e2567ffc8951ab371db2e40b2fe068e36b81d8cf3260f06ae508700e5504/pandas-3.0.1-cp312-cp312-macosx_11_0_arm64.whl", hash = "sha256:0ab749dfba921edf641d4036c4c21c0b3ea70fea478165cb98a998fb2a261955", size = 9884543, upload-time = "2026-02-17T22:18:41.476Z" },
    { url = "https://files.pythonhosted.org/packages/d7/39/327802e0b6d693182403c144edacbc27eb82907b57062f23ef5a4c4a5ea7/pandas-3.0.1-cp312-cp312-manylinux_2_24_aarch64.manylinux_2_28_aarch64.whl", hash = "sha256:b8e36891080b87823aff3640c78649b91b8ff6eea3c0d70aeabd72ea43ab069b", size = 10396030, upload-time = "2026-02-17T22:18:43.822Z" },
    { url = "https://files.pythonhosted.org/packages/3d/fe/89d77e424365280b79d99b3e1e7d606f5165af2f2ecfaf0c6d24c799d607/pandas-3.0.1-cp312-cp312-manylinux_2_24_x86_64.manylinux_2_28_x86_64.whl", hash = "sha256:532527a701281b9dd371e2f582ed9094f4c12dd9ffb82c0c54ee28d8ac9520c4", size = 10876435, upload-time = "2026-02-17T22:18:45.954Z" },
    { url = "https://files.pythonhosted.org/packages/b5/a6/2a75320849dd154a793f69c951db759aedb8d1dd3939eeacda9bdcfa1629/pandas-3.0.1-cp312-cp312-musllinux_1_2_aarch64.whl", hash = "sha256:356e5c055ed9b0da1580d465657bc7d00635af4fd47f30afb23025352ba764d1", size = 11405133, upload-time = "2026-02-17T22:18:48.533Z" },
    { url = "https://files.pythonhosted.org/packages/58/53/1d68fafb2e02d7881df66aa53be4cd748d25cbe311f3b3c85c93ea5d30ca/pandas-3.0.1-cp312-cp312-musllinux_1_2_x86_64.whl", hash = "sha256:9d810036895f9ad6345b8f2a338dd6998a74e8483847403582cab67745bff821", size = 11932065, upload-time = "2026-02-17T22:18:50.837Z" },
    { url = "https://files.pythonhosted.org/packages/75/08/67cc404b3a966b6df27b38370ddd96b3b023030b572283d035181854aac5/pandas-3.0.1-cp312-cp312-win_amd64.whl", hash = "sha256:536232a5fe26dd989bd633e7a0c450705fdc86a207fec7254a55e9a22950fe43", size = 9741627, upload-time = "2026-02-17T22:18:53.905Z" },
    { url = "https://files.pythonhosted.org/packages/86/4f/caf9952948fb00d23795f09b893d11f1cacb384e666854d87249530f7cbe/pandas-3.0.1-cp312-cp312-win_arm64.whl", hash = "sha256:0f463ebfd8de7f326d38037c7363c6dacb857c5881ab8961fb387804d6daf2f7", size = 9052483, upload-time = "2026-02-17T22:18:57.31Z" },
]

[[package]]
name = "platformdirs"
version = "4.9.4"
source = { registry = "https://pypi.org/simple" }
sdist = { url = "https://files.pythonhosted.org/packages/19/56/8d4c30c8a1d07013911a8fdbd8f89440ef9f08d07a1b50ab8ca8be5a20f9/platformdirs-4.9.4.tar.gz", hash = "sha256:1ec356301b7dc906d83f371c8f487070e99d3ccf9e501686456394622a01a934", size = 28737, upload-time = "2026-03-05T18:34:13.271Z" }
wheels = [
    { url = "https://files.pythonhosted.org/packages/63/d7/97f7e3a6abb67d8080dd406fd4df842c2be0efaf712d1c899c32a075027c/platformdirs-4.9.4-py3-none-any.whl", hash = "sha256:68a9a4619a666ea6439f2ff250c12a853cd1cbd5158d258bd824a7df6be2f868", size = 21216, upload-time = "2026-03-05T18:34:12.172Z" },
]

[[package]]
name = "pluggy"
version = "1.6.0"
source = { registry = "https://pypi.org/simple" }
sdist = { url = "https://files.pythonhosted.org/packages/f9/e2/3e91f31a7d2b083fe6ef3fa267035b518369d9511ffab804f839851d2779/pluggy-1.6.0.tar.gz", hash = "sha256:7dcc130b76258d33b90f61b658791dede3486c3e6bfb003ee5c9bfb396dd22f3", size = 69412, upload-time = "2025-05-15T12:30:07.975Z" }
wheels = [
    { url = "https://files.pythonhosted.org/packages/54/20/4d324d65cc6d9205fabedc306948156824eb9f0ee1633355a8f7ec5c66bf/pluggy-1.6.0-py3-none-any.whl", hash = "sha256:e920276dd6813095e9377c0bc5566d94c932c33b27a3e3945d8389c374dd4746", size = 20538, upload-time = "2025-05-15T12:30:06.134Z" },
]

[[package]]
name = "protobuf"
version = "5.29.3"
source = { registry = "https://pypi.org/simple" }
sdist = { url = "https://files.pythonhosted.org/packages/f7/d1/e0a911544ca9993e0f17ce6d3cc0932752356c1b0a834397f28e63479344/protobuf-5.29.3.tar.gz", hash = "sha256:5da0f41edaf117bde316404bad1a486cb4ededf8e4a54891296f648e8e076620", size = 424945, upload-time = "2025-01-08T21:38:51.572Z" }
wheels = [
    { url = "https://files.pythonhosted.org/packages/dc/7a/1e38f3cafa022f477ca0f57a1f49962f21ad25850c3ca0acd3b9d0091518/protobuf-5.29.3-cp310-abi3-win32.whl", hash = "sha256:3ea51771449e1035f26069c4c7fd51fba990d07bc55ba80701c78f886bf9c888", size = 422708, upload-time = "2025-01-08T21:38:31.799Z" },
    { url = "https://files.pythonhosted.org/packages/61/fa/aae8e10512b83de633f2646506a6d835b151edf4b30d18d73afd01447253/protobuf-5.29.3-cp310-abi3-win_amd64.whl", hash = "sha256:a4fa6f80816a9a0678429e84973f2f98cbc218cca434abe8db2ad0bffc98503a", size = 434508, upload-time = "2025-01-08T21:38:35.489Z" },
    { url = "https://files.pythonhosted.org/packages/dd/04/3eaedc2ba17a088961d0e3bd396eac764450f431621b58a04ce898acd126/protobuf-5.29.3-cp38-abi3-macosx_10_9_universal2.whl", hash = "sha256:a8434404bbf139aa9e1300dbf989667a83d42ddda9153d8ab76e0d5dcaca484e", size = 417825, upload-time = "2025-01-08T21:38:36.642Z" },
    { url = "https://files.pythonhosted.org/packages/4f/06/7c467744d23c3979ce250397e26d8ad8eeb2bea7b18ca12ad58313c1b8d5/protobuf-5.29.3-cp38-abi3-manylinux2014_aarch64.whl", hash = "sha256:daaf63f70f25e8689c072cfad4334ca0ac1d1e05a92fc15c54eb9cf23c3efd84", size = 319573, upload-time = "2025-01-08T21:38:37.896Z" },
    { url = "https://files.pythonhosted.org/packages/a8/45/2ebbde52ad2be18d3675b6bee50e68cd73c9e0654de77d595540b5129df8/protobuf-5.29.3-cp38-abi3-manylinux2014_x86_64.whl", hash = "sha256:c027e08a08be10b67c06bf2370b99c811c466398c357e615ca88c91c07f0910f", size = 319672, upload-time = "2025-01-08T21:38:40.204Z" },
    { url = "https://files.pythonhosted.org/packages/fd/b2/ab07b09e0f6d143dfb839693aa05765257bceaa13d03bf1a696b78323e7a/protobuf-5.29.3-py3-none-any.whl", hash = "sha256:0a18ed4a24198528f2333802eb075e59dea9d679ab7a6c5efb017a59004d849f", size = 172550, upload-time = "2025-01-08T21:38:50.439Z" },
]

[[package]]
name = "pydantic"
version = "2.12.5"
source = { registry = "https://pypi.org/simple" }
dependencies = [
    { name = "annotated-types" },
    { name = "pydantic-core" },
    { name = "typing-extensions" },
    { name = "typing-inspection" },
]
sdist = { url = "https://files.pythonhosted.org/packages/69/44/36f1a6e523abc58ae5f928898e4aca2e0ea509b5aa6f6f392a5d882be928/pydantic-2.12.5.tar.gz", hash = "sha256:4d351024c75c0f085a9febbb665ce8c0c6ec5d30e903bdb6394b7ede26aebb49", size = 821591, upload-time = "2025-11-26T15:11:46.471Z" }
wheels = [
    { url = "https://files.pythonhosted.org/packages/5a/87/b70ad306ebb6f9b585f114d0ac2137d792b48be34d732d60e597c2f8465a/pydantic-2.12.5-py3-none-any.whl", hash = "sha256:e561593fccf61e8a20fc46dfc2dfe075b8be7d0188df33f221ad1f0139180f9d", size = 463580, upload-time = "2025-11-26T15:11:44.605Z" },
]

[[package]]
name = "pydantic-core"
version = "2.41.5"
source = { registry = "https://pypi.org/simple" }
dependencies = [
    { name = "typing-extensions" },
]
sdist = { url = "https://files.pythonhosted.org/packages/71/70/23b021c950c2addd24ec408e9ab05d59b035b39d97cdc1130e1bce647bb6/pydantic_core-2.41.5.tar.gz", hash = "sha256:08daa51ea16ad373ffd5e7606252cc32f07bc72b28284b6bc9c6df804816476e", size = 460952, upload-time = "2025-11-04T13:43:49.098Z" }
wheels = [
    { url = "https://files.pythonhosted.org/packages/5f/5d/5f6c63eebb5afee93bcaae4ce9a898f3373ca23df3ccaef086d0233a35a7/pydantic_core-2.41.5-cp312-cp312-macosx_10_12_x86_64.whl", hash = "sha256:f41a7489d32336dbf2199c8c0a215390a751c5b014c2c1c5366e817202e9cdf7", size = 2110990, upload-time = "2025-11-04T13:39:58.079Z" },
    { url = "https://files.pythonhosted.org/packages/aa/32/9c2e8ccb57c01111e0fd091f236c7b371c1bccea0fa85247ac55b1e2b6b6/pydantic_core-2.41.5-cp312-cp312-macosx_11_0_arm64.whl", hash = "sha256:070259a8818988b9a84a449a2a7337c7f430a22acc0859c6b110aa7212a6d9c0", size = 1896003, upload-time = "2025-11-04T13:39:59.956Z" },
    { url = "https://files.pythonhosted.org/packages/68/b8/a01b53cb0e59139fbc9e4fda3e9724ede8de279097179be4ff31f1abb65a/pydantic_core-2.41.5-cp312-cp312-manylinux_2_17_aarch64.manylinux2014_aarch64.whl", hash = "sha256:e96cea19e34778f8d59fe40775a7a574d95816eb150850a85a7a4c8f4b94ac69", size = 1919200, upload-time = "2025-11-04T13:40:02.241Z" },
    { url = "https://files.pythonhosted.org/packages/38/de/8c36b5198a29bdaade07b5985e80a233a5ac27137846f3bc2d3b40a47360/pydantic_core-2.41.5-cp312-cp312-manylinux_2_17_armv7l.manylinux2014_armv7l.whl", hash = "sha256:ed2e99c456e3fadd05c991f8f437ef902e00eedf34320ba2b0842bd1c3ca3a75", size = 2052578, upload-time = "2025-11-04T13:40:04.401Z" },
    { url = "https://files.pythonhosted.org/packages/00/b5/0e8e4b5b081eac6cb3dbb7e60a65907549a1ce035a724368c330112adfdd/pydantic_core-2.41.5-cp312-cp312-manylinux_2_17_ppc64le.manylinux2014_ppc64le.whl", hash = "sha256:65840751b72fbfd82c3c640cff9284545342a4f1eb1586ad0636955b261b0b05", size = 2208504, upload-time = "2025-11-04T13:40:06.072Z" },
    { url = "https://files.pythonhosted.org/packages/77/56/87a61aad59c7c5b9dc8caad5a41a5545cba3810c3e828708b3d7404f6cef/pydantic_core-2.41.5-cp312-cp312-manylinux_2_17_s390x.manylinux2014_s390x.whl", hash = "sha256:e536c98a7626a98feb2d3eaf75944ef6f3dbee447e1f841eae16f2f0a72d8ddc", size = 2335816, upload-time = "2025-11-04T13:40:07.835Z" },
    { url = "https://files.pythonhosted.org/packages/0d/76/941cc9f73529988688a665a5c0ecff1112b3d95ab48f81db5f7606f522d3/pydantic_core-2.41.5-cp312-cp312-manylinux_2_17_x86_64.manylinux2014_x86_64.whl", hash = "sha256:eceb81a8d74f9267ef4081e246ffd6d129da5d87e37a77c9bde550cb04870c1c", size = 2075366, upload-time = "2025-11-04T13:40:09.804Z" },
    { url = "https://files.pythonhosted.org/packages/d3/43/ebef01f69baa07a482844faaa0a591bad1ef129253ffd0cdaa9d8a7f72d3/pydantic_core-2.41.5-cp312-cp312-manylinux_2_5_i686.manylinux1_i686.whl", hash = "sha256:d38548150c39b74aeeb0ce8ee1d8e82696f4a4e16ddc6de7b1d8823f7de4b9b5", size = 2171698, upload-time = "2025-11-04T13:40:12.004Z" },
    { url = "https://files.pythonhosted.org/packages/b1/87/41f3202e4193e3bacfc2c065fab7706ebe81af46a83d3e27605029c1f5a6/pydantic_core-2.41.5-cp312-cp312-musllinux_1_1_aarch64.whl", hash = "sha256:c23e27686783f60290e36827f9c626e63154b82b116d7fe9adba1fda36da706c", size = 2132603, upload-time = "2025-11-04T13:40:13.868Z" },
    { url = "https://files.pythonhosted.org/packages/49/7d/4c00df99cb12070b6bccdef4a195255e6020a550d572768d92cc54dba91a/pydantic_core-2.41.5-cp312-cp312-musllinux_1_1_armv7l.whl", hash = "sha256:482c982f814460eabe1d3bb0adfdc583387bd4691ef00b90575ca0d2b6fe2294", size = 2329591, upload-time = "2025-11-04T13:40:15.672Z" },
    { url = "https://files.pythonhosted.org/packages/cc/6a/ebf4b1d65d458f3cda6a7335d141305dfa19bdc61140a884d165a8a1bbc7/pydantic_core-2.41.5-cp312-cp312-musllinux_1_1_x86_64.whl", hash = "sha256:bfea2a5f0b4d8d43adf9d7b8bf019fb46fdd10a2e5cde477fbcb9d1fa08c68e1", size = 2319068, upload-time = "2025-11-04T13:40:17.532Z" },
    { url = "https://files.pythonhosted.org/packages/49/3b/774f2b5cd4192d5ab75870ce4381fd89cf218af999515baf07e7206753f0/pydantic_core-2.41.5-cp312-cp312-win32.whl", hash = "sha256:b74557b16e390ec12dca509bce9264c3bbd128f8a2c376eaa68003d7f327276d", size = 1985908, upload-time = "2025-11-04T13:40:19.309Z" },
    { url = "https://files.pythonhosted.org/packages/86/45/00173a033c801cacf67c190fef088789394feaf88a98a7035b0e40d53dc9/pydantic_core-2.41.5-cp312-cp312-win_amd64.whl", hash = "sha256:1962293292865bca8e54702b08a4f26da73adc83dd1fcf26fbc875b35d81c815", size = 2020145, upload-time = "2025-11-04T13:40:21.548Z" },
    { url = "https://files.pythonhosted.org/packages/f9/22/91fbc821fa6d261b376a3f73809f907cec5ca6025642c463d3488aad22fb/pydantic_core-2.41.5-cp312-cp312-win_arm64.whl", hash = "sha256:1746d4a3d9a794cacae06a5eaaccb4b8643a131d45fbc9af23e353dc0a5ba5c3", size = 1976179, upload-time = "2025-11-04T13:40:23.393Z" },
    { url = "https://files.pythonhosted.org/packages/09/32/59b0c7e63e277fa7911c2fc70ccfb45ce4b98991e7ef37110663437005af/pydantic_core-2.41.5-graalpy312-graalpy250_312_native-macosx_10_12_x86_64.whl", hash = "sha256:7da7087d756b19037bc2c06edc6c170eeef3c3bafcb8f532ff17d64dc427adfd", size = 2110495, upload-time = "2025-11-04T13:42:49.689Z" },
    { url = "https://files.pythonhosted.org/packages/aa/81/05e400037eaf55ad400bcd318c05bb345b57e708887f07ddb2d20e3f0e98/pydantic_core-2.41.5-graalpy312-graalpy250_312_native-macosx_11_0_arm64.whl", hash = "sha256:aabf5777b5c8ca26f7824cb4a120a740c9588ed58df9b2d196ce92fba42ff8dc", size = 1915388, upload-time = "2025-11-04T13:42:52.215Z" },
    { url = "https://files.pythonhosted.org/packages/6e/0d/e3549b2399f71d56476b77dbf3cf8937cec5cd70536bdc0e374a421d0599/pydantic_core-2.41.5-graalpy312-graalpy250_312_native-manylinux_2_17_aarch64.manylinux2014_aarch64.whl", hash = "sha256:c007fe8a43d43b3969e8469004e9845944f1a80e6acd47c150856bb87f230c56", size = 1942879, upload-time = "2025-11-04T13:42:56.483Z" },
    { url = "https://files.pythonhosted.org/packages/f7/07/34573da085946b6a313d7c42f82f16e8920bfd730665de2d11c0c37a74b5/pydantic_core-2.41.5-graalpy312-graalpy250_312_native-manylinux_2_17_x86_64.manylinux2014_x86_64.whl", hash = "sha256:76d0819de158cd855d1cbb8fcafdf6f5cf1eb8e470abe056d5d161106e38062b", size = 2139017, upload-time = "2025-11-04T13:42:59.471Z" },
]

[[package]]
name = "pydantic-settings"
version = "2.13.1"
source = { registry = "https://pypi.org/simple" }
dependencies = [
    { name = "pydantic" },
    { name = "python-dotenv" },
    { name = "typing-inspection" },
]
sdist = { url = "https://files.pythonhosted.org/packages/52/6d/fffca34caecc4a3f97bda81b2098da5e8ab7efc9a66e819074a11955d87e/pydantic_settings-2.13.1.tar.gz", hash = "sha256:b4c11847b15237fb0171e1462bf540e294affb9b86db4d9aa5c01730bdbe4025", size = 223826, upload-time = "2026-02-19T13:45:08.055Z" }
wheels = [
    { url = "https://files.pythonhosted.org/packages/00/4b/ccc026168948fec4f7555b9164c724cf4125eac006e176541483d2c959be/pydantic_settings-2.13.1-py3-none-any.whl", hash = "sha256:d56fd801823dbeae7f0975e1f8c8e25c258eb75d278ea7abb5d9cebb01b56237", size = 58929, upload-time = "2026-02-19T13:45:06.034Z" },
]

[[package]]
name = "pygments"
version = "2.19.2"
source = { registry = "https://pypi.org/simple" }
sdist = { url = "https://files.pythonhosted.org/packages/b0/77/a5b8c569bf593b0140bde72ea885a803b82086995367bf2037de0159d924/pygments-2.19.2.tar.gz", hash = "sha256:636cb2477cec7f8952536970bc533bc43743542f70392ae026374600add5b887", size = 4968631, upload-time = "2025-06-21T13:39:12.283Z" }
wheels = [
    { url = "https://files.pythonhosted.org/packages/c7/21/705964c7812476f378728bdf590ca4b771ec72385c533964653c68e86bdc/pygments-2.19.2-py3-none-any.whl", hash = "sha256:86540386c03d588bb81d44bc3928634ff26449851e99741617ecb9037ee5ec0b", size = 1225217, upload-time = "2025-06-21T13:39:07.939Z" },
]

[[package]]
name = "pyluach"
version = "2.3.0"
source = { registry = "https://pypi.org/simple" }
sdist = { url = "https://files.pythonhosted.org/packages/11/11/42568c1568a75f8803c59f26d29af01a0890352b7a8e03d41ecda8bfb5dd/pyluach-2.3.0.tar.gz", hash = "sha256:ec6e30669d1df50c9ca160486da44a8195bb4c7a5d3d533990d0c5b03accd281", size = 26910, upload-time = "2025-09-09T20:24:39.651Z" }
wheels = [
    { url = "https://files.pythonhosted.org/packages/8a/c8/f96208ade3ca4c23b372497d0788bcf0f2e0ff4310e5ee693366bc33fdf0/pyluach-2.3.0-py3-none-any.whl", hash = "sha256:4497b731aef59508b079dbf5f00bc5bf4329ac45090a6cd37b5a83756f0e69ab", size = 25914, upload-time = "2025-09-09T20:24:37.831Z" },
]

[[package]]
name = "pytest"
version = "9.0.2"
source = { registry = "https://pypi.org/simple" }
dependencies = [
    { name = "colorama", marker = "sys_platform == 'win32'" },
    { name = "iniconfig" },
    { name = "packaging" },
    { name = "pluggy" },
    { name = "pygments" },
]
sdist = { url = "https://files.pythonhosted.org/packages/d1/db/7ef3487e0fb0049ddb5ce41d3a49c235bf9ad299b6a25d5780a89f19230f/pytest-9.0.2.tar.gz", hash = "sha256:75186651a92bd89611d1d9fc20f0b4345fd827c41ccd5c299a868a05d70edf11", size = 1568901, upload-time = "2025-12-06T21:30:51.014Z" }
wheels = [
    { url = "https://files.pythonhosted.org/packages/3b/ab/b3226f0bd7cdcf710fbede2b3548584366da3b19b5021e74f5bde2a8fa3f/pytest-9.0.2-py3-none-any.whl", hash = "sha256:711ffd45bf766d5264d487b917733b453d917afd2b0ad65223959f59089f875b", size = 374801, upload-time = "2025-12-06T21:30:49.154Z" },
]

[[package]]
name = "python-dateutil"
version = "2.9.0.post0"
source = { registry = "https://pypi.org/simple" }
dependencies = [
    { name = "six" },
]
sdist = { url = "https://files.pythonhosted.org/packages/66/c0/0c8b6ad9f17a802ee498c46e004a0eb49bc148f2fd230864601a86dcf6db/python-dateutil-2.9.0.post0.tar.gz", hash = "sha256:37dd54208da7e1cd875388217d5e00ebd4179249f90fb72437e91a35459a0ad3", size = 342432, upload-time = "2024-03-01T18:36:20.211Z" }
wheels = [
    { url = "https://files.pythonhosted.org/packages/ec/57/56b9bcc3c9c6a792fcbaf139543cee77261f3651ca9da0c93f5c1221264b/python_dateutil-2.9.0.post0-py2.py3-none-any.whl", hash = "sha256:a8b2bc7bffae282281c8140a97d3aa9c14da0b136dfe83f850eea9a5f7470427", size = 229892, upload-time = "2024-03-01T18:36:18.57Z" },
]

[[package]]
name = "python-dotenv"
version = "1.2.2"
source = { registry = "https://pypi.org/simple" }
sdist = { url = "https://files.pythonhosted.org/packages/82/ed/0301aeeac3e5353ef3d94b6ec08bbcabd04a72018415dcb29e588514bba8/python_dotenv-1.2.2.tar.gz", hash = "sha256:2c371a91fbd7ba082c2c1dc1f8bf89ca22564a087c2c287cd9b662adde799cf3", size = 50135, upload-time = "2026-03-01T16:00:26.196Z" }
wheels = [
    { url = "https://files.pythonhosted.org/packages/0b/d7/1959b9648791274998a9c3526f6d0ec8fd2233e4d4acce81bbae76b44b2a/python_dotenv-1.2.2-py3-none-any.whl", hash = "sha256:1d8214789a24de455a8b8bd8ae6fe3c6b69a5e3d64aa8a8e5d68e694bbcb285a", size = 22101, upload-time = "2026-03-01T16:00:25.09Z" },
]

[[package]]
name = "rich"
version = "14.3.3"
source = { registry = "https://pypi.org/simple" }
dependencies = [
    { name = "markdown-it-py" },
    { name = "pygments" },
]
sdist = { url = "https://files.pythonhosted.org/packages/b3/c6/f3b320c27991c46f43ee9d856302c70dc2d0fb2dba4842ff739d5f46b393/rich-14.3.3.tar.gz", hash = "sha256:b8daa0b9e4eef54dd8cf7c86c03713f53241884e814f4e2f5fb342fe520f639b", size = 230582, upload-time = "2026-02-19T17:23:12.474Z" }
wheels = [
    { url = "https://files.pythonhosted.org/packages/14/25/b208c5683343959b670dc001595f2f3737e051da617f66c31f7c4fa93abc/rich-14.3.3-py3-none-any.whl", hash = "sha256:793431c1f8619afa7d3b52b2cdec859562b950ea0d4b6b505397612db8d5362d", size = 310458, upload-time = "2026-02-19T17:23:13.732Z" },
]

[[package]]
name = "setuptools"
version = "82.0.1"
source = { registry = "https://pypi.org/simple" }
sdist = { url = "https://files.pythonhosted.org/packages/4f/db/cfac1baf10650ab4d1c111714410d2fbb77ac5a616db26775db562c8fab2/setuptools-82.0.1.tar.gz", hash = "sha256:7d872682c5d01cfde07da7bccc7b65469d3dca203318515ada1de5eda35efbf9", size = 1152316, upload-time = "2026-03-09T12:47:17.221Z" }
wheels = [
    { url = "https://files.pythonhosted.org/packages/9d/76/f789f7a86709c6b087c5a2f52f911838cad707cc613162401badc665acfe/setuptools-82.0.1-py3-none-any.whl", hash = "sha256:a59e362652f08dcd477c78bb6e7bd9d80a7995bc73ce773050228a348ce2e5bb", size = 1006223, upload-time = "2026-03-09T12:47:15.026Z" },
]

[[package]]
name = "six"
version = "1.17.0"
source = { registry = "https://pypi.org/simple" }
sdist = { url = "https://files.pythonhosted.org/packages/94/e7/b2c673351809dca68a0e064b6af791aa332cf192da575fd474ed7d6f16a2/six-1.17.0.tar.gz", hash = "sha256:ff70335d468e7eb6ec65b95b99d3a2836546063f63acc5171de367e834932a81", size = 34031, upload-time = "2024-12-04T17:35:28.174Z" }
wheels = [
    { url = "https://files.pythonhosted.org/packages/b7/ce/149a00dd41f10bc29e5921b496af8b574d8413afcd5e30dfa0ed46c2cc5e/six-1.17.0-py2.py3-none-any.whl", hash = "sha256:4721f391ed90541fddacab5acf947aa0d3dc7d27b2e1e8eda2be8970586c3274", size = 11050, upload-time = "2024-12-04T17:35:26.475Z" },
]

[[package]]
name = "textual"
version = "8.1.1"
source = { registry = "https://pypi.org/simple" }
dependencies = [
    { name = "markdown-it-py", extra = ["linkify"] },
    { name = "mdit-py-plugins" },
    { name = "platformdirs" },
    { name = "pygments" },
    { name = "rich" },
    { name = "typing-extensions" },
]
sdist = { url = "https://files.pythonhosted.org/packages/72/23/8c709655c5f2208ee82ab81b8104802421865535c278a7649b842b129db1/textual-8.1.1.tar.gz", hash = "sha256:eef0256a6131f06a20ad7576412138c1f30f92ddeedd055953c08d97044bc317", size = 1843002, upload-time = "2026-03-10T10:01:38.493Z" }
wheels = [
    { url = "https://files.pythonhosted.org/packages/50/21/421b02bf5943172b7a9320712a5e0d74a02a8f7597284e3f8b5b06c70b8d/textual-8.1.1-py3-none-any.whl", hash = "sha256:6712f96e335cd782e76193dee16b9c8875fe0699d923bc8d3f1228fd23e773a6", size = 719598, upload-time = "2026-03-10T10:01:48.318Z" },
]

[[package]]
name = "toolz"
version = "1.1.0"
source = { registry = "https://pypi.org/simple" }
sdist = { url = "https://files.pythonhosted.org/packages/11/d6/114b492226588d6ff54579d95847662fc69196bdeec318eb45393b24c192/toolz-1.1.0.tar.gz", hash = "sha256:27a5c770d068c110d9ed9323f24f1543e83b2f300a687b7891c1a6d56b697b5b", size = 52613, upload-time = "2025-10-17T04:03:21.661Z" }
wheels = [
    { url = "https://files.pythonhosted.org/packages/fb/12/5911ae3eeec47800503a238d971e51722ccea5feb8569b735184d5fcdbc0/toolz-1.1.0-py3-none-any.whl", hash = "sha256:15ccc861ac51c53696de0a5d6d4607f99c210739caf987b5d2054f3efed429d8", size = 58093, upload-time = "2025-10-17T04:03:20.435Z" },
]

[[package]]
name = "trader"
version = "0.1.0"
source = { editable = "." }
dependencies = [
    { name = "exchange-calendars" },
    { name = "grpcio" },
    { name = "grpcio-tools" },
    { name = "ibapi" },
    { name = "pydantic" },
    { name = "pydantic-settings" },
    { name = "textual" },
]

[package.optional-dependencies]
dev = [
    { name = "pytest" },
]

[package.metadata]
requires-dist = [
    { name = "exchange-calendars", specifier = ">=4.7" },
    { name = "grpcio", specifier = "==1.71.2" },
    { name = "grpcio-tools", specifier = "==1.71.2" },
    { name = "ibapi", editable = "ibga" },
    { name = "pydantic", specifier = ">=2.11.0" },
    { name = "pydantic-settings", specifier = ">=2.8.0" },
    { name = "pytest", marker = "extra == 'dev'", specifier = ">=8.3.0" },
    { name = "textual", specifier = ">=3.7.0" },
]
provides-extras = ["dev"]

[[package]]
name = "typing-extensions"
version = "4.15.0"
source = { registry = "https://pypi.org/simple" }
sdist = { url = "https://files.pythonhosted.org/packages/72/94/1a15dd82efb362ac84269196e94cf00f187f7ed21c242792a923cdb1c61f/typing_extensions-4.15.0.tar.gz", hash = "sha256:0cea48d173cc12fa28ecabc3b837ea3cf6f38c6d1136f85cbaaf598984861466", size = 109391, upload-time = "2025-08-25T13:49:26.313Z" }
wheels = [
    { url = "https://files.pythonhosted.org/packages/18/67/36e9267722cc04a6b9f15c7f3441c2363321a3ea07da7ae0c0707beb2a9c/typing_extensions-4.15.0-py3-none-any.whl", hash = "sha256:f0fa19c6845758ab08074a0cfa8b7aecb71c999ca73d62883bc25cc018c4e548", size = 44614, upload-time = "2025-08-25T13:49:24.86Z" },
]

[[package]]
name = "typing-inspection"
version = "0.4.2"
source = { registry = "https://pypi.org/simple" }
dependencies = [
    { name = "typing-extensions" },
]
sdist = { url = "https://files.pythonhosted.org/packages/55/e3/70399cb7dd41c10ac53367ae42139cf4b1ca5f36bb3dc6c9d33acdb43655/typing_inspection-0.4.2.tar.gz", hash = "sha256:ba561c48a67c5958007083d386c3295464928b01faa735ab8547c5692e87f464", size = 75949, upload-time = "2025-10-01T02:14:41.687Z" }
wheels = [
    { url = "https://files.pythonhosted.org/packages/dc/9b/47798a6c91d8bdb567fe2698fe81e0c6b7cb7ef4d13da4114b41d239f65d/typing_inspection-0.4.2-py3-none-any.whl", hash = "sha256:4ed1cacbdc298c220f1bd249ed5287caa16f34d44ef4e9c3d0cbad5b521545e7", size = 14611, upload-time = "2025-10-01T02:14:40.154Z" },
]

[[package]]
name = "tzdata"
version = "2025.3"
source = { registry = "https://pypi.org/simple" }
sdist = { url = "https://files.pythonhosted.org/packages/5e/a7/c202b344c5ca7daf398f3b8a477eeb205cf3b6f32e7ec3a6bac0629ca975/tzdata-2025.3.tar.gz", hash = "sha256:de39c2ca5dc7b0344f2eba86f49d614019d29f060fc4ebc8a417896a620b56a7", size = 196772, upload-time = "2025-12-13T17:45:35.667Z" }
wheels = [
    { url = "https://files.pythonhosted.org/packages/c7/b0/003792df09decd6849a5e39c28b513c06e84436a54440380862b5aeff25d/tzdata-2025.3-py2.py3-none-any.whl", hash = "sha256:06a47e5700f3081aab02b2e513160914ff0694bce9947d6b76ebd6bf57cfc5d1", size = 348521, upload-time = "2025-12-13T17:45:33.889Z" },
]

[[package]]
name = "uc-micro-py"
version = "2.0.0"
source = { registry = "https://pypi.org/simple" }
sdist = { url = "https://files.pythonhosted.org/packages/78/67/9a363818028526e2d4579334460df777115bdec1bb77c08f9db88f6389f2/uc_micro_py-2.0.0.tar.gz", hash = "sha256:c53691e495c8db60e16ffc4861a35469b0ba0821fe409a8a7a0a71864d33a811", size = 6611, upload-time = "2026-03-01T06:31:27.526Z" }
wheels = [
    { url = "https://files.pythonhosted.org/packages/61/73/d21edf5b204d1467e06500080a50f79d49ef2b997c79123a536d4a17d97c/uc_micro_py-2.0.0-py3-none-any.whl", hash = "sha256:3603a3859af53e5a39bc7677713c78ea6589ff188d70f4fee165db88e22b242c", size = 6383, upload-time = "2026-03-01T06:31:26.257Z" },
]
